
Microsoft Visual Studio Solution File, Format Version 12.00
# Visual Studio Version 16
VisualStudioVersion = 16.0.30907.101
MinimumVisualStudioVersion = 10.0.40219.1
Project("{FAE04EC0-301F-11D3-BF4B-00C04F79EFBC}") = "Calculator", "Calculator.csproj", "{0C64706C-0082-4536-9C01-6C9E6D95192C}"
EndProject
Global
	GlobalSection(SolutionConfigurationPlatforms) = preSolution
		Debug|Any CPU = Debug|Any CPU
		Release|Any CPU = Release|Any CPU
	EndGlobalSection
	GlobalSection(ProjectConfigurationPlatforms) = postSolution
		{0C64706C-0082-4536-9C01-6C9E6D95192C}.Debug|Any CPU.ActiveCfg = Debug|Any CPU
		{0C64706C-0082-4536-9C01-6C9E6D95192C}.Debug|Any CPU.Build.0 = Debug|Any CPU
		{0C64706C-0082-4536-9C01-6C9E6D95192C}.Release|Any CPU.ActiveCfg = Release|Any CPU
		{0C64706C-0082-4536-9C01-6C9E6D95192C}.Release|Any CPU.Build.0 = Release|Any CPU
	EndGlobalSection
	GlobalSection(SolutionProperties) = preSolution
		HideSolutionNode = FALSE
	EndGlobalSection
	GlobalSection(ExtensibilityGlobals) = postSolution
		SolutionGuid = {B262FA59-81A4-419A-B2D6-A047BB756B7C}
	EndGlobalSection
EndGlobal
